
Microsoft Visual Studio Solution File, Format Version 12.00
# Visual Studio 15
VisualStudioVersion = 15.0.27428.2015
MinimumVisualStudioVersion = 10.0.40219.1
Project("{FAE04EC0-301F-11D3-BF4B-00C04F79EFBC}") = "ogl_test", "ogl_test\ogl_test.csproj", "{A7224E08-CBF4-4809-970D-7663B91DCF6A}"
EndProject
Global
	GlobalSection(SolutionConfigurationPlatforms) = preSolution
		Debug|Any CPU = Debug|Any CPU
		Release|Any CPU = Release|Any CPU
	EndGlobalSection
	GlobalSection(ProjectConfigurationPlatforms) = postSolution
		{A7224E08-CBF4-4809-970D-7663B91DCF6A}.Debug|Any CPU.ActiveCfg = Debug|Any CPU
		{A7224E08-CBF4-4809-970D-7663B91DCF6A}.Debug|Any CPU.Build.0 = Debug|Any CPU
		{A7224E08-CBF4-4809-970D-7663B91DCF6A}.Release|Any CPU.ActiveCfg = Release|Any CPU
		{A7224E08-CBF4-4809-970D-7663B91DCF6A}.Release|Any CPU.Build.0 = Release|Any CPU
	EndGlobalSection
	GlobalSection(SolutionProperties) = preSolution
		HideSolutionNode = FALSE
	EndGlobalSection
	GlobalSection(ExtensibilityGlobals) = postSolution
		SolutionGuid = {788C87CC-7BB3-4A11-8DA4-8ED3780F77CA}
	EndGlobalSection
EndGlobal
